
Microsoft Visual Studio Solution File, Format Version 12.00
# Visual Studio Version 17
VisualStudioVersion = 17.2.32616.157
MinimumVisualStudioVersion = 10.0.40219.1
Project("{FAE04EC0-301F-11D3-BF4B-00C04F79EFBC}") = "TreeView_1", "TreeView_1\TreeView_1.csproj", "{CC588D3D-51CA-426A-896C-E6DAEABC5857}"
EndProject
Global
	GlobalSection(SolutionConfigurationPlatforms) = preSolution
		Debug|Any CPU = Debug|Any CPU
		Release|Any CPU = Release|Any CPU
	EndGlobalSection
	GlobalSection(ProjectConfigurationPlatforms) = postSolution
		{CC588D3D-51CA-426A-896C-E6DAEABC5857}.Debug|Any CPU.ActiveCfg = Debug|Any CPU
		{CC588D3D-51CA-426A-896C-E6DAEABC5857}.Debug|Any CPU.Build.0 = Debug|Any CPU
		{CC588D3D-51CA-426A-896C-E6DAEABC5857}.Release|Any CPU.ActiveCfg = Release|Any CPU
		{CC588D3D-51CA-426A-896C-E6DAEABC5857}.Release|Any CPU.Build.0 = Release|Any CPU
	EndGlobalSection
	GlobalSection(SolutionProperties) = preSolution
		HideSolutionNode = FALSE
	EndGlobalSection
	GlobalSection(ExtensibilityGlobals) = postSolution
		SolutionGuid = {61445325-EAC8-4031-91B0-1D6228F94E23}
	EndGlobalSection
EndGlobal
